{
  "requires": true,
  "lockfileVersion": 1,
  "dependencies": {
    "vx-easyui": {
      "version": "1.2.1",
      "resolved": "https://registry.npmjs.org/vx-easyui/-/vx-easyui-1.2.1.tgz",
      "integrity": "sha512-xr+21eagQJjRje+80oxZX5hWMWRYB25gp7CoDLdnejUXCYVyAlT45y2kSSjVs8ygQMLtiW7zhL5MpKjucFd5vQ=="
    }
  }
}
